{
  "name": "root",
  "lockfileVersion": 2,
  "requires": true,
  "packages": {
    "": {
      "name": "root",
      "workspaces": [
        "packages/*"
      ]
    },
    "node_modules/@sdkdemo/login": {
      "resolved": "packages/login",
      "link": true
    },
    "node_modules/@sdkdemo/share": {
      "resolved": "packages/share",
      "link": true
    },
    "packages/facebook": {
      "name": "@sdkdemo/facebook",
      "version": "0.0.3-alpha.0",
      "extraneous": true,
      "license": "ISC",
      "dependencies": {
        "@rollup/plugin-babel": "^6.0.3",
        "@rollup/plugin-commonjs": "^25.0.3",
        "@rollup/plugin-node-resolve": "^15.1.0",
        "@rollup/plugin-replace": "^5.0.2",
        "@types/node": "^20.4.9",
        "rollup": "^3.28.0",
        "rollup-plugin-serve": "^2.0.2",
        "rollup-plugin-typescript2": "^0.35.0",
        "typescript": "^5.1.6"
      }
    },
    "packages/google": {
      "name": "@sdkdemo/google",
      "version": "0.0.4-alpha.0",
      "extraneous": true,
      "license": "ISC",
      "dependencies": {
        "@rollup/plugin-babel": "^6.0.3",
        "@rollup/plugin-commonjs": "^25.0.3",
        "@rollup/plugin-node-resolve": "^15.1.0",
        "@rollup/plugin-replace": "^5.0.2",
        "@types/node": "^20.4.9",
        "rollup": "^3.28.0",
        "rollup-plugin-serve": "^2.0.2",
        "rollup-plugin-typescript2": "^0.35.0",
        "typescript": "^5.1.6"
      }
    },
    "packages/login": {
      "version": "0.0.5-alpha.0",
      "license": "ISC"
    },
    "packages/my-app": {
      "version": "0.0.0",
      "extraneous": true,
      "dependencies": {
        "react": "^18.2.0",
        "react-dom": "^18.2.0"
      },
      "devDependencies": {
        "@types/react": "^18.2.15",
        "@types/react-dom": "^18.2.7",
        "@typescript-eslint/eslint-plugin": "^6.0.0",
        "@typescript-eslint/parser": "^6.0.0",
        "@vitejs/plugin-react": "^4.0.3",
        "eslint": "^8.45.0",
        "eslint-plugin-react-hooks": "^4.6.0",
        "eslint-plugin-react-refresh": "^0.4.3",
        "typescript": "^5.0.2",
        "vite": "^4.4.5"
      }
    },
    "packages/share": {
      "version": "0.0.5-alpha.0",
      "license": "ISC"
    }
  },
  "dependencies": {
    "@sdkdemo/login": {
      "version": "file:packages/login"
    },
    "@sdkdemo/share": {
      "version": "file:packages/share"
    }
  }
}
